
Microsoft Visual Studio Solution File, Format Version 12.00
# Visual Studio 2013
VisualStudioVersion = 12.0.31101.0
MinimumVisualStudioVersion = 10.0.40219.1
Project("{FAE04EC0-301F-11D3-BF4B-00C04F79EFBC}") = "MAAD", "MAAD\MAAD.csproj", "{C8E1098A-C136-4745-B81E-392D8740159E}"
EndProject
Project("{FAE04EC0-301F-11D3-BF4B-00C04F79EFBC}") = "MAAD.DataAccess", "MAAD.DataAccess\MAAD.DataAccess.csproj", "{492FFA2F-A462-42DC-A588-158F2D8E44D9}"
EndProject
Global
	GlobalSection(SolutionConfigurationPlatforms) = preSolution
		Debug|Any CPU = Debug|Any CPU
		Release|Any CPU = Release|Any CPU
	EndGlobalSection
	GlobalSection(ProjectConfigurationPlatforms) = postSolution
		{C8E1098A-C136-4745-B81E-392D8740159E}.Debug|Any CPU.ActiveCfg = Debug|Any CPU
		{C8E1098A-C136-4745-B81E-392D8740159E}.Debug|Any CPU.Build.0 = Debug|Any CPU
		{C8E1098A-C136-4745-B81E-392D8740159E}.Release|Any CPU.ActiveCfg = Release|Any CPU
		{C8E1098A-C136-4745-B81E-392D8740159E}.Release|Any CPU.Build.0 = Release|Any CPU
		{492FFA2F-A462-42DC-A588-158F2D8E44D9}.Debug|Any CPU.ActiveCfg = Debug|Any CPU
		{492FFA2F-A462-42DC-A588-158F2D8E44D9}.Debug|Any CPU.Build.0 = Debug|Any CPU
		{492FFA2F-A462-42DC-A588-158F2D8E44D9}.Release|Any CPU.ActiveCfg = Release|Any CPU
		{492FFA2F-A462-42DC-A588-158F2D8E44D9}.Release|Any CPU.Build.0 = Release|Any CPU
	EndGlobalSection
	GlobalSection(SolutionProperties) = preSolution
		HideSolutionNode = FALSE
	EndGlobalSection
EndGlobal
